// !$*UTF8*$!
{
	archiveVersion = 1;
	classes = {
	};
	objectVersion = 46;
	objects = {

/* Begin PBXBuildFile section */
		3AED93D81CD6F1F000D2D1E6 /* AppDelegate.swift in Sources */ = {isa = PBXBuildFile; fileRef = 3AED93D71CD6F1F000D2D1E6 /* AppDelegate.swift */; };
		3AED93DA1CD6F1F000D2D1E6 /* ViewController.swift in Sources */ = {isa = PBXBuildFile; fileRef = 3AED93D91CD6F1F000D2D1E6 /* ViewController.swift */; };
		3AED93DD1CD6F1F000D2D1E6 /* Main.storyboard in Resources */ = {isa = PBXBuildFile; fileRef = 3AED93DB1CD6F1F000D2D1E6 /* Main.storyboard */; };
		3AED93E01CD6F1F000D2D1E6 /* wufooReader.xcdatamodeld in Sources */ = {isa = PBXBuildFile; fileRef = 3AED93DE1CD6F1F000D2D1E6 /* wufooReader.xcdatamodeld */; };
		3AED93E21CD6F1F000D2D1E6 /* Assets.xcassets in Resources */ = {isa = PBXBuildFile; fileRef = 3AED93E11CD6F1F000D2D1E6 /* Assets.xcassets */; };
		3AED93E51CD6F1F000D2D1E6 /* LaunchScreen.storyboard in Resources */ = {isa = PBXBuildFile; fileRef = 3AED93E31CD6F1F000D2D1E6 /* LaunchScreen.storyboard */; };
		3AED93F01CD6F1F000D2D1E6 /* wufooReaderTests.swift in Sources */ = {isa = PBXBuildFile; fileRef = 3AED93EF1CD6F1F000D2D1E6 /* wufooReaderTests.swift */; };
		3AED93FB1CD6F1F000D2D1E6 /* wufooReaderUITests.swift in Sources */ = {isa = PBXBuildFile; fileRef = 3AED93FA1CD6F1F000D2D1E6 /* wufooReaderUITests.swift */; };
/* End PBXBuildFile section */

/* Begin PBXContainerItemProxy section */
		3AED93EC1CD6F1F000D2D1E6 /* PBXContainerItemProxy */ = {
			isa = PBXContainerItemProxy;
			containerPortal = 3AED93CC1CD6F1EF00D2D1E6 /* Project object */;
			proxyType = 1;
			remoteGlobalIDString = 3AED93D31CD6F1F000D2D1E6;
			remoteInfo = wufooReader;
		};
		3AED93F71CD6F1F000D2D1E6 /* PBXContainerItemProxy */ = {
			isa = PBXContainerItemProxy;
			containerPortal = 3AED93CC1CD6F1EF00D2D1E6 /* Project object */;
			proxyType = 1;
			remoteGlobalIDString = 3AED93D31CD6F1F000D2D1E6;
			remoteInfo = wufooReader;
		};
/* End PBXContainerItemProxy section */

/* Begin PBXFileReference section */
		3AED93D41CD6F1F000D2D1E6 /* wufooReader.app */ = {isa = PBXFileReference; explicitFileType = wrapper.application; includeInIndex = 0; path = wufooReader.app; sourceTree = BUILT_PRODUCTS_DIR; };
		3AED93D71CD6F1F000D2D1E6 /* AppDelegate.swift */ = {isa = PBXFileReference; lastKnownFileType = sourcecode.swift; path = AppDelegate.swift; sourceTree = "<group>"; };
		3AED93D91CD6F1F000D2D1E6 /* ViewController.swift */ = {isa = PBXFileReference; lastKnownFileType = sourcecode.swift; path = ViewController.swift; sourceTree = "<group>"; };
		3AED93DC1CD6F1F000D2D1E6 /* Base */ = {isa = PBXFileReference; lastKnownFileType = file.storyboard; name = Base; path = Base.lproj/Main.storyboard; sourceTree = "<group>"; };
		3AED93DF1CD6F1F000D2D1E6 /* wufooReader.xcdatamodel */ = {isa = PBXFileReference; lastKnownFileType = wrapper.xcdatamodel; path = wufooReader.xcdatamodel; sourceTree = "<group>"; };
		3AED93E11CD6F1F000D2D1E6 /* Assets.xcassets */ = {isa = PBXFileReference; lastKnownFileType = folder.assetcatalog; path = Assets.xcassets; sourceTree = "<group>"; };
		3AED93E41CD6F1F000D2D1E6 /* Base */ = {isa = PBXFileReference; lastKnownFileType = file.storyboard; name = Base; path = Base.lproj/LaunchScreen.storyboard; sourceTree = "<group>"; };
		3AED93E61CD6F1F000D2D1E6 /* Info.plist */ = {isa = PBXFileReference; lastKnownFileType = text.plist.xml; path = Info.plist; sourceTree = "<group>"; };
		3AED93EB1CD6F1F000D2D1E6 /* wufooReaderTests.xctest */ = {isa = PBXFileReference; explicitFileType = wrapper.cfbundle; includeInIndex = 0; path = wufooReaderTests.xctest; sourceTree = BUILT_PRODUCTS_DIR; };
		3AED93EF1CD6F1F000D2D1E6 /* wufooReaderTests.swift */ = {isa = PBXFileReference; lastKnownFileType = sourcecode.swift; path = wufooReaderTests.swift; sourceTree = "<group>"; };
		3AED93F11CD6F1F000D2D1E6 /* Info.plist */ = {isa = PBXFileReference; lastKnownFileType = text.plist.xml; path = Info.plist; sourceTree = "<group>"; };
		3AED93F61CD6F1F000D2D1E6 /* wufooReaderUITests.xctest */ = {isa = PBXFileReference; explicitFileType = wrapper.cfbundle; includeInIndex = 0; path = wufooReaderUITests.xctest; sourceTree = BUILT_PRODUCTS_DIR; };
		3AED93FA1CD6F1F000D2D1E6 /* wufooReaderUITests.swift */ = {isa = PBXFileReference; lastKnownFileType = sourcecode.swift; path = wufooReaderUITests.swift; sourceTree = "<group>"; };
		3AED93FC1CD6F1F000D2D1E6 /* Info.plist */ = {isa = PBXFileReference; lastKnownFileType = text.plist.xml; path = Info.plist; sourceTree = "<group>"; };
/* End PBXFileReference section */

/* Begin PBXFrameworksBuildPhase section */
		3AED93D11CD6F1F000D2D1E6 /* Frameworks */ = {
			isa = PBXFrameworksBuildPhase;
			buildActionMask = 2147483647;
			files = (
			);
			runOnlyForDeploymentPostprocessing = 0;
		};
		3AED93E81CD6F1F000D2D1E6 /* Frameworks */ = {
			isa = PBXFrameworksBuildPhase;
			buildActionMask = 2147483647;
			files = (
			);
			runOnlyForDeploymentPostprocessing = 0;
		};
		3AED93F31CD6F1F000D2D1E6 /* Frameworks */ = {
			isa = PBXFrameworksBuildPhase;
			buildActionMask = 2147483647;
			files = (
			);
			runOnlyForDeploymentPostprocessing = 0;
		};
/* End PBXFrameworksBuildPhase section */

/* Begin PBXGroup section */
		3AED93CB1CD6F1EF00D2D1E6 = {
			isa = PBXGroup;
			children = (
				3AED93D61CD6F1F000D2D1E6 /* wufooReader */,
				3AED93EE1CD6F1F000D2D1E6 /* wufooReaderTests */,
				3AED93F91CD6F1F000D2D1E6 /* wufooReaderUITests */,
				3AED93D51CD6F1F000D2D1E6 /* Products */,
			);
			sourceTree = "<group>";
		};
		3AED93D51CD6F1F000D2D1E6 /* Products */ = {
			isa = PBXGroup;
			children = (
				3AED93D41CD6F1F000D2D1E6 /* wufooReader.app */,
				3AED93EB1CD6F1F000D2D1E6 /* wufooReaderTests.xctest */,
				3AED93F61CD6F1F000D2D1E6 /* wufooReaderUITests.xctest */,
			);
			name = Products;
			sourceTree = "<group>";
		};
		3AED93D61CD6F1F000D2D1E6 /* wufooReader */ = {
			isa = PBXGroup;
			children = (
				3AED940A1CD6F2A600D2D1E6 /* Model */,
				3AED94091CD6F29F00D2D1E6 /* View */,
				3AED94081CD6F29300D2D1E6 /* Controller */,
				3AED93D71CD6F1F000D2D1E6 /* AppDelegate.swift */,
				3AED93DB1CD6F1F000D2D1E6 /* Main.storyboard */,
				3AED93E11CD6F1F000D2D1E6 /* Assets.xcassets */,
				3AED93E31CD6F1F000D2D1E6 /* LaunchScreen.storyboard */,
				3AED93E61CD6F1F000D2D1E6 /* Info.plist */,
				3AED93DE1CD6F1F000D2D1E6 /* wufooReader.xcdatamodeld */,
			);
			path = wufooReader;
			sourceTree = "<group>";
		};
		3AED93EE1CD6F1F000D2D1E6 /* wufooReaderTests */ = {
			isa = PBXGroup;
			children = (
				3AED93EF1CD6F1F000D2D1E6 /* wufooReaderTests.swift */,
				3AED93F11CD6F1F000D2D1E6 /* Info.plist */,
			);
			path = wufooReaderTests;
			sourceTree = "<group>";
		};
		3AED93F91CD6F1F000D2D1E6 /* wufooReaderUITests */ = {
			isa = PBXGroup;
			children = (
				3AED93FA1CD6F1F000D2D1E6 /* wufooReaderUITests.swift */,
				3AED93FC1CD6F1F000D2D1E6 /* Info.plist */,
			);
			path = wufooReaderUITests;
			sourceTree = "<group>";
		};
		3AED94081CD6F29300D2D1E6 /* Controller */ = {
			isa = PBXGroup;
			children = (
				3AED93D91CD6F1F000D2D1E6 /* ViewController.swift */,
			);
			name = Controller;
			sourceTree = "<group>";
		};
		3AED94091CD6F29F00D2D1E6 /* View */ = {
			isa = PBXGroup;
			children = (
			);
			name = View;
			sourceTree = "<group>";
		};
		3AED940A1CD6F2A600D2D1E6 /* Model */ = {
			isa = PBXGroup;
			children = (
			);
			name = Model;
			sourceTree = "<group>";
		};
/* End PBXGroup section */

/* Begin PBXNativeTarget section */
		3AED93D31CD6F1F000D2D1E6 /* wufooReader */ = {
			isa = PBXNativeTarget;
			buildConfigurationList = 3AED93FF1CD6F1F000D2D1E6 /* Build configuration list for PBXNativeTarget "wufooReader" */;
			buildPhases = (
				3AED93D01CD6F1F000D2D1E6 /* Sources */,
				3AED93D11CD6F1F000D2D1E6 /* Frameworks */,
				3AED93D21CD6F1F000D2D1E6 /* Resources */,
			);
			buildRules = (
			);
			dependencies = (
			);
			name = wufooReader;
			productName = wufooReader;
			productReference = 3AED93D41CD6F1F000D2D1E6 /* wufooReader.app */;
			productType = "com.apple.product-type.application";
		};
		3AED93EA1CD6F1F000D2D1E6 /* wufooReaderTests */ = {
			isa = PBXNativeTarget;
			buildConfigurationList = 3AED94021CD6F1F000D2D1E6 /* Build configuration list for PBXNativeTarget "wufooReaderTests" */;
			buildPhases = (
				3AED93E71CD6F1F000D2D1E6 /* Sources */,
				3AED93E81CD6F1F000D2D1E6 /* Frameworks */,
				3AED93E91CD6F1F000D2D1E6 /* Resources */,
			);
			buildRules = (
			);
			dependencies = (
				3AED93ED1CD6F1F000D2D1E6 /* PBXTargetDependency */,
			);
			name = wufooReaderTests;
			productName = wufooReaderTests;
			productReference = 3AED93EB1CD6F1F000D2D1E6 /* wufooReaderTests.xctest */;
			productType = "com.apple.product-type.bundle.unit-test";
		};
		3AED93F51CD6F1F000D2D1E6 /* wufooReaderUITests */ = {
			isa = PBXNativeTarget;
			buildConfigurationList = 3AED94051CD6F1F000D2D1E6 /* Build configuration list for PBXNativeTarget "wufooReaderUITests" */;
			buildPhases = (
				3AED93F21CD6F1F000D2D1E6 /* Sources */,
				3AED93F31CD6F1F000D2D1E6 /* Frameworks */,
				3AED93F41CD6F1F000D2D1E6 /* Resources */,
			);
			buildRules = (
			);
			dependencies = (
				3AED93F81CD6F1F000D2D1E6 /* PBXTargetDependency */,
			);
			name = wufooReaderUITests;
			productName = wufooReaderUITests;
			productReference = 3AED93F61CD6F1F000D2D1E6 /* wufooReaderUITests.xctest */;
			productType = "com.apple.product-type.bundle.ui-testing";
		};
/* End PBXNativeTarget section */

/* Begin PBXProject section */
		3AED93CC1CD6F1EF00D2D1E6 /* Project object */ = {
			isa = PBXProject;
			attributes = {
				LastSwiftUpdateCheck = 0730;
				LastUpgradeCheck = 0730;
				ORGANIZATIONNAME = "Chad Wollenberg";
				TargetAttributes = {
					3AED93D31CD6F1F000D2D1E6 = {
						CreatedOnToolsVersion = 7.3;
					};
					3AED93EA1CD6F1F000D2D1E6 = {
						CreatedOnToolsVersion = 7.3;
						TestTargetID = 3AED93D31CD6F1F000D2D1E6;
					};
					3AED93F51CD6F1F000D2D1E6 = {
						CreatedOnToolsVersion = 7.3;
						TestTargetID = 3AED93D31CD6F1F000D2D1E6;
					};
				};
			};
			buildConfigurationList = 3AED93CF1CD6F1EF00D2D1E6 /* Build configuration list for PBXProject "wufooReader" */;
			compatibilityVersion = "Xcode 3.2";
			developmentRegion = English;
			hasScannedForEncodings = 0;
			knownRegions = (
				en,
				Base,
			);
			mainGroup = 3AED93CB1CD6F1EF00D2D1E6;
			productRefGroup = 3AED93D51CD6F1F000D2D1E6 /* Products */;
			projectDirPath = "";
			projectRoot = "";
			targets = (
				3AED93D31CD6F1F000D2D1E6 /* wufooReader */,
				3AED93EA1CD6F1F000D2D1E6 /* wufooReaderTests */,
				3AED93F51CD6F1F000D2D1E6 /* wufooReaderUITests */,
			);
		};
/* End PBXProject section */

/* Begin PBXResourcesBuildPhase section */
		3AED93D21CD6F1F000D2D1E6 /* Resources */ = {
			isa = PBXResourcesBuildPhase;
			buildActionMask = 2147483647;
			files = (
				3AED93E51CD6F1F000D2D1E6 /* LaunchScreen.storyboard in Resources */,
				3AED93E21CD6F1F000D2D1E6 /* Assets.xcassets in Resources */,
				3AED93DD1CD6F1F000D2D1E6 /* Main.storyboard in Resources */,
			);
			runOnlyForDeploymentPostprocessing = 0;
		};
		3AED93E91CD6F1F000D2D1E6 /* Resources */ = {
			isa = PBXResourcesBuildPhase;
			buildActionMask = 2147483647;
			files = (
			);
			runOnlyForDeploymentPostprocessing = 0;
		};
		3AED93F41CD6F1F000D2D1E6 /* Resources */ = {
			isa = PBXResourcesBuildPhase;
			buildActionMask = 2147483647;
			files = (
			);
			runOnlyForDeploymentPostprocessing = 0;
		};
/* End PBXResourcesBuildPhase section */

/* Begin PBXSourcesBuildPhase section */
		3AED93D01CD6F1F000D2D1E6 /* Sources */ = {
			isa = PBXSourcesBuildPhase;
			buildActionMask = 2147483647;
			files = (
				3AED93E01CD6F1F000D2D1E6 /* wufooReader.xcdatamodeld in Sources */,
				3AED93DA1CD6F1F000D2D1E6 /* ViewController.swift in Sources */,
				3AED93D81CD6F1F000D2D1E6 /* AppDelegate.swift in Sources */,
			);
			runOnlyForDeploymentPostprocessing = 0;
		};
		3AED93E71CD6F1F000D2D1E6 /* Sources */ = {
			isa = PBXSourcesBuildPhase;
			buildActionMask = 2147483647;
			files = (
				3AED93F01CD6F1F000D2D1E6 /* wufooReaderTests.swift in Sources */,
			);
			runOnlyForDeploymentPostprocessing = 0;
		};
		3AED93F21CD6F1F000D2D1E6 /* Sources */ = {
			isa = PBXSourcesBuildPhase;
			buildActionMask = 2147483647;
			files = (
				3AED93FB1CD6F1F000D2D1E6 /* wufooReaderUITests.swift in Sources */,
			);
			runOnlyForDeploymentPostprocessing = 0;
		};
/* End PBXSourcesBuildPhase section */

/* Begin PBXTargetDependency section */
		3AED93ED1CD6F1F000D2D1E6 /* PBXTargetDependency */ = {
			isa = PBXTargetDependency;
			target = 3AED93D31CD6F1F000D2D1E6 /* wufooReader */;
			targetProxy = 3AED93EC1CD6F1F000D2D1E6 /* PBXContainerItemProxy */;
		};
		3AED93F81CD6F1F000D2D1E6 /* PBXTargetDependency */ = {
			isa = PBXTargetDependency;
			target = 3AED93D31CD6F1F000D2D1E6 /* wufooReader */;
			targetProxy = 3AED93F71CD6F1F000D2D1E6 /* PBXContainerItemProxy */;
		};
/* End PBXTargetDependency section */

/* Begin PBXVariantGroup section */
		3AED93DB1CD6F1F000D2D1E6 /* Main.storyboard */ = {
			isa = PBXVariantGroup;
			children = (
				3AED93DC1CD6F1F000D2D1E6 /* Base */,
			);
			name = Main.storyboard;
			sourceTree = "<group>";
		};
		3AED93E31CD6F1F000D2D1E6 /* LaunchScreen.storyboard */ = {
			isa = PBXVariantGroup;
			children = (
				3AED93E41CD6F1F000D2D1E6 /* Base */,
			);
			name = LaunchScreen.storyboard;
			sourceTree = "<group>";
		};
/* End PBXVariantGroup section */

/* Begin XCBuildConfiguration section */
		3AED93FD1CD6F1F000D2D1E6 /* Debug */ = {
			isa = XCBuildConfiguration;
			buildSettings = {
				ALWAYS_SEARCH_USER_PATHS = NO;
				CLANG_ANALYZER_NONNULL = YES;
				CLANG_CXX_LANGUAGE_STANDARD = "gnu++0x";
				CLANG_CXX_LIBRARY = "libc++";
				CLANG_ENABLE_MODULES = YES;
				CLANG_ENABLE_OBJC_ARC = YES;
				CLANG_WARN_BOOL_CONVERSION = YES;
				CLANG_WARN_CONSTANT_CONVERSION = YES;
				CLANG_WARN_DIRECT_OBJC_ISA_USAGE = YES_ERROR;
				CLANG_WARN_EMPTY_BODY = YES;
				CLANG_WARN_ENUM_CONVERSION = YES;
				CLANG_WARN_INT_CONVERSION = YES;
				CLANG_WARN_OBJC_ROOT_CLASS = YES_ERROR;
				CLANG_WARN_UNREACHABLE_CODE = YES;
				CLANG_WARN__DUPLICATE_METHOD_MATCH = YES;
				"CODE_SIGN_IDENTITY[sdk=iphoneos*]" = "iPhone Developer";
				COPY_PHASE_STRIP = NO;
				DEBUG_INFORMATION_FORMAT = dwarf;
				ENABLE_STRICT_OBJC_MSGSEND = YES;
				ENABLE_TESTABILITY = YES;
				GCC_C_LANGUAGE_STANDARD = gnu99;
				GCC_DYNAMIC_NO_PIC = NO;
				GCC_NO_COMMON_BLOCKS = YES;
				GCC_OPTIMIZATION_LEVEL = 0;
				GCC_PREPROCESSOR_DEFINITIONS = (
					"DEBUG=1",
					"$(inherited)",
				);
				GCC_WARN_64_TO_32_BIT_CONVERSION = YES;
				GCC_WARN_ABOUT_RETURN_TYPE = YES_ERROR;
				GCC_WARN_UNDECLARED_SELECTOR = YES;
				GCC_WARN_UNINITIALIZED_AUTOS = YES_AGGRESSIVE;
				GCC_WARN_UNUSED_FUNCTION = YES;
				GCC_WARN_UNUSED_VARIABLE = YES;
				IPHONEOS_DEPLOYMENT_TARGET = 9.3;
				MTL_ENABLE_DEBUG_INFO = YES;
				ONLY_ACTIVE_ARCH = YES;
				SDKROOT = iphoneos;
				SWIFT_OPTIMIZATION_LEVEL = "-Onone";
			};
			name = Debug;
		};
		3AED93FE1CD6F1F000D2D1E6 /* Release */ = {
			isa = XCBuildConfiguration;
			buildSettings = {
				ALWAYS_SEARCH_USER_PATHS = NO;
				CLANG_ANALYZER_NONNULL = YES;
				CLANG_CXX_LANGUAGE_STANDARD = "gnu++0x";
				CLANG_CXX_LIBRARY = "libc++";
				CLANG_ENABLE_MODULES = YES;
				CLANG_ENABLE_OBJC_ARC = YES;
				CLANG_WARN_BOOL_CONVERSION = YES;
				CLANG_WARN_CONSTANT_CONVERSION = YES;
				CLANG_WARN_DIRECT_OBJC_ISA_USAGE = YES_ERROR;
				CLANG_WARN_EMPTY_BODY = YES;
				CLANG_WARN_ENUM_CONVERSION = YES;
				CLANG_WARN_INT_CONVERSION = YES;
				CLANG_WARN_OBJC_ROOT_CLASS = YES_ERROR;
				CLANG_WARN_UNREACHABLE_CODE = YES;
				CLANG_WARN__DUPLICATE_METHOD_MATCH = YES;
				"CODE_SIGN_IDENTITY[sdk=iphoneos*]" = "iPhone Developer";
				COPY_PHASE_STRIP = NO;
				DEBUG_INFORMATION_FORMAT = "dwarf-with-dsym";
				ENABLE_NS_ASSERTIONS = NO;
				ENABLE_STRICT_OBJC_MSGSEND = YES;
				GCC_C_LANGUAGE_STANDARD = gnu99;
				GCC_NO_COMMON_BLOCKS = YES;
				GCC_WARN_64_TO_32_BIT_CONVERSION = YES;
				GCC_WARN_ABOUT_RETURN_TYPE = YES_ERROR;
				GCC_WARN_UNDECLARED_SELECTOR = YES;
				GCC_WARN_UNINITIALIZED_AUTOS = YES_AGGRESSIVE;
				GCC_WARN_UNUSED_FUNCTION = YES;
				GCC_WARN_UNUSED_VARIABLE = YES;
				IPHONEOS_DEPLOYMENT_TARGET = 9.3;
				MTL_ENABLE_DEBUG_INFO = NO;
				SDKROOT = iphoneos;
				VALIDATE_PRODUCT = YES;
			};
			name = Release;
		};
		3AED94001CD6F1F000D2D1E6 /* Debug */ = {
			isa = XCBuildConfiguration;
			buildSettings = {
				ASSETCATALOG_COMPILER_APPICON_NAME = AppIcon;
				INFOPLIST_FILE = wufooReader/Info.plist;
				LD_RUNPATH_SEARCH_PATHS = "$(inherited) @executable_path/Frameworks";
				PRODUCT_BUNDLE_IDENTIFIER = chadwollenberg.wufooReader;
				PRODUCT_NAME = "$(TARGET_NAME)";
			};
			name = Debug;
		};
		3AED94011CD6F1F000D2D1E6 /* Release */ = {
			isa = XCBuildConfiguration;
			buildSettings = {
				ASSETCATALOG_COMPILER_APPICON_NAME = AppIcon;
				INFOPLIST_FILE = wufooReader/Info.plist;
				LD_RUNPATH_SEARCH_PATHS = "$(inherited) @executable_path/Frameworks";
				PRODUCT_BUNDLE_IDENTIFIER = chadwollenberg.wufooReader;
				PRODUCT_NAME = "$(TARGET_NAME)";
			};
			name = Release;
		};
		3AED94031CD6F1F000D2D1E6 /* Debug */ = {
			isa = XCBuildConfiguration;
			buildSettings = {
				BUNDLE_LOADER = "$(TEST_HOST)";
				INFOPLIST_FILE = wufooReaderTests/Info.plist;
				LD_RUNPATH_SEARCH_PATHS = "$(inherited) @executable_path/Frameworks @loader_path/Frameworks";
				PRODUCT_BUNDLE_IDENTIFIER = chadwollenberg.wufooReaderTests;
				PRODUCT_NAME = "$(TARGET_NAME)";
				TEST_HOST = "$(BUILT_PRODUCTS_DIR)/wufooReader.app/wufooReader";
			};
			name = Debug;
		};
		3AED94041CD6F1F000D2D1E6 /* Release */ = {
			isa = XCBuildConfiguration;
			buildSettings = {
				BUNDLE_LOADER = "$(TEST_HOST)";
				INFOPLIST_FILE = wufooReaderTests/Info.plist;
				LD_RUNPATH_SEARCH_PATHS = "$(inherited) @executable_path/Frameworks @loader_path/Frameworks";
				PRODUCT_BUNDLE_IDENTIFIER = chadwollenberg.wufooReaderTests;
				PRODUCT_NAME = "$(TARGET_NAME)";
				TEST_HOST = "$(BUILT_PRODUCTS_DIR)/wufooReader.app/wufooReader";
			};
			name = Release;
		};
		3AED94061CD6F1F000D2D1E6 /* Debug */ = {
			isa = XCBuildConfiguration;
			buildSettings = {
				INFOPLIST_FILE = wufooReaderUITests/Info.plist;
				LD_RUNPATH_SEARCH_PATHS = "$(inherited) @executable_path/Frameworks @loader_path/Frameworks";
				PRODUCT_BUNDLE_IDENTIFIER = chadwollenberg.wufooReaderUITests;
				PRODUCT_NAME = "$(TARGET_NAME)";
				TEST_TARGET_NAME = wufooReader;
			};
			name = Debug;
		};
		3AED94071CD6F1F000D2D1E6 /* Release */ = {
			isa = XCBuildConfiguration;
			buildSettings = {
				INFOPLIST_FILE = wufooReaderUITests/Info.plist;
				LD_RUNPATH_SEARCH_PATHS = "$(inherited) @executable_path/Frameworks @loader_path/Frameworks";
				PRODUCT_BUNDLE_IDENTIFIER = chadwollenberg.wufooReaderUITests;
				PRODUCT_NAME = "$(TARGET_NAME)";
				TEST_TARGET_NAME = wufooReader;
			};
			name = Release;
		};
/* End XCBuildConfiguration section */

/* Begin XCConfigurationList section */
		3AED93CF1CD6F1EF00D2D1E6 /* Build configuration list for PBXProject "wufooReader" */ = {
			isa = XCConfigurationList;
			buildConfigurations = (
				3AED93FD1CD6F1F000D2D1E6 /* Debug */,
				3AED93FE1CD6F1F000D2D1E6 /* Release */,
			);
			defaultConfigurationIsVisible = 0;
			defaultConfigurationName = Release;
		};
		3AED93FF1CD6F1F000D2D1E6 /* Build configuration list for PBXNativeTarget "wufooReader" */ = {
			isa = XCConfigurationList;
			buildConfigurations = (
				3AED94001CD6F1F000D2D1E6 /* Debug */,
				3AED94011CD6F1F000D2D1E6 /* Release */,
			);
			defaultConfigurationIsVisible = 0;
		};
		3AED94021CD6F1F000D2D1E6 /* Build configuration list for PBXNativeTarget "wufooReaderTests" */ = {
			isa = XCConfigurationList;
			buildConfigurations = (
				3AED94031CD6F1F000D2D1E6 /* Debug */,
				3AED94041CD6F1F000D2D1E6 /* Release */,
			);
			defaultConfigurationIsVisible = 0;
		};
		3AED94051CD6F1F000D2D1E6 /* Build configuration list for PBXNativeTarget "wufooReaderUITests" */ = {
			isa = XCConfigurationList;
			buildConfigurations = (
				3AED94061CD6F1F000D2D1E6 /* Debug */,
				3AED94071CD6F1F000D2D1E6 /* Release */,
			);
			defaultConfigurationIsVisible = 0;
		};
/* End XCConfigurationList section */

/* Begin XCVersionGroup section */
		3AED93DE1CD6F1F000D2D1E6 /* wufooReader.xcdatamodeld */ = {
			isa = XCVersionGroup;
			children = (
				3AED93DF1CD6F1F000D2D1E6 /* wufooReader.xcdatamodel */,
			);
			currentVersion = 3AED93DF1CD6F1F000D2D1E6 /* wufooReader.xcdatamodel */;
			path = wufooReader.xcdatamodeld;
			sourceTree = "<group>";
			versionGroupType = wrapper.xcdatamodel;
		};
/* End XCVersionGroup section */
	};
	rootObject = 3AED93CC1CD6F1EF00D2D1E6 /* Project object */;
}
